
Microsoft Visual Studio Solution File, Format Version 12.00
# Visual Studio Version 17
VisualStudioVersion = 17.0.32112.339
MinimumVisualStudioVersion = 15.0.26124.0
Project("{2150E333-8FDC-42A3-9474-1A3956D46DE8}") = "src", "src", "{6431E5FF-901A-4F01-A440-AAD5231002C0}"
EndProject
Project("{9A19103F-16F7-4668-BE54-9A1E7A4F7556}") = "Core", "src\Core\Core.csproj", "{E01CA6AA-7FFA-4284-B509-4ECD10CFBFC2}"
EndProject
Project("{2150E333-8FDC-42A3-9474-1A3956D46DE8}") = "Solution Items", "Solution Items", "{082D4D6E-D28F-47F2-B635-34CC616A124F}"
	ProjectSection(SolutionItems) = preProject
		.editorconfig = .editorconfig
		Directory.Build.props = Directory.Build.props
		NuGet.config = NuGet.config
		README.md = README.md
	EndProjectSection
EndProject
Project("{2150E333-8FDC-42A3-9474-1A3956D46DE8}") = "test", "test", "{7E26428A-25A6-4643-B71D-93A7E2360675}"
EndProject
Project("{9A19103F-16F7-4668-BE54-9A1E7A4F7556}") = "UnitTests", "test\UnitTests\UnitTests.csproj", "{4C613A43-FE2C-460F-BE43-0E8020676C20}"
EndProject
Project("{9A19103F-16F7-4668-BE54-9A1E7A4F7556}") = "Json", "src\Json\Json.csproj", "{0E82F29E-416A-4E1B-8491-761902633B15}"
EndProject
Project("{9A19103F-16F7-4668-BE54-9A1E7A4F7556}") = "Yaml", "src\Yaml\Yaml.csproj", "{01001B44-E93D-4C70-8AC7-97DDCF2E82A0}"
EndProject
Project("{9A19103F-16F7-4668-BE54-9A1E7A4F7556}") = "Xml", "src\Xml\Xml.csproj", "{EC3155ED-23B4-4AF3-9310-BCA05BC21E15}"
EndProject
Project("{9A19103F-16F7-4668-BE54-9A1E7A4F7556}") = "KeyValuePairs", "src\KeyValuePairs\KeyValuePairs.csproj", "{6E1898E3-6C49-4EAE-A5F8-315E39F002C4}"
EndProject
Project("{2150E333-8FDC-42A3-9474-1A3956D46DE8}") = "test", "test", "{5DD5A4ED-F2A7-41E6-81F3-919D37BDECB4}"
	ProjectSection(SolutionItems) = preProject
		test\Directory.Build.props = test\Directory.Build.props
	EndProjectSection
EndProject
Project("{2150E333-8FDC-42A3-9474-1A3956D46DE8}") = "src", "src", "{3A9AA901-4C1C-4E98-AA39-E73927677F3A}"
	ProjectSection(SolutionItems) = preProject
		src\Directory.Build.props = src\Directory.Build.props
	EndProjectSection
EndProject
Global
	GlobalSection(SolutionConfigurationPlatforms) = preSolution
		Debug|Any CPU = Debug|Any CPU
		Debug|x64 = Debug|x64
		Debug|x86 = Debug|x86
		Release|Any CPU = Release|Any CPU
		Release|x64 = Release|x64
		Release|x86 = Release|x86
	EndGlobalSection
	GlobalSection(ProjectConfigurationPlatforms) = postSolution
		{E01CA6AA-7FFA-4284-B509-4ECD10CFBFC2}.Debug|Any CPU.ActiveCfg = Debug|Any CPU
		{E01CA6AA-7FFA-4284-B509-4ECD10CFBFC2}.Debug|Any CPU.Build.0 = Debug|Any CPU
		{E01CA6AA-7FFA-4284-B509-4ECD10CFBFC2}.Debug|x64.ActiveCfg = Debug|Any CPU
		{E01CA6AA-7FFA-4284-B509-4ECD10CFBFC2}.Debug|x64.Build.0 = Debug|Any CPU
		{E01CA6AA-7FFA-4284-B509-4ECD10CFBFC2}.Debug|x86.ActiveCfg = Debug|Any CPU
		{E01CA6AA-7FFA-4284-B509-4ECD10CFBFC2}.Debug|x86.Build.0 = Debug|Any CPU
		{E01CA6AA-7FFA-4284-B509-4ECD10CFBFC2}.Release|Any CPU.ActiveCfg = Release|Any CPU
		{E01CA6AA-7FFA-4284-B509-4ECD10CFBFC2}.Release|Any CPU.Build.0 = Release|Any CPU
		{E01CA6AA-7FFA-4284-B509-4ECD10CFBFC2}.Release|x64.ActiveCfg = Release|Any CPU
		{E01CA6AA-7FFA-4284-B509-4ECD10CFBFC2}.Release|x64.Build.0 = Release|Any CPU
		{E01CA6AA-7FFA-4284-B509-4ECD10CFBFC2}.Release|x86.ActiveCfg = Release|Any CPU
		{E01CA6AA-7FFA-4284-B509-4ECD10CFBFC2}.Release|x86.Build.0 = Release|Any CPU
		{4C613A43-FE2C-460F-BE43-0E8020676C20}.Debug|Any CPU.ActiveCfg = Debug|Any CPU
		{4C613A43-FE2C-460F-BE43-0E8020676C20}.Debug|Any CPU.Build.0 = Debug|Any CPU
		{4C613A43-FE2C-460F-BE43-0E8020676C20}.Debug|x64.ActiveCfg = Debug|Any CPU
		{4C613A43-FE2C-460F-BE43-0E8020676C20}.Debug|x64.Build.0 = Debug|Any CPU
		{4C613A43-FE2C-460F-BE43-0E8020676C20}.Debug|x86.ActiveCfg = Debug|Any CPU
		{4C613A43-FE2C-460F-BE43-0E8020676C20}.Debug|x86.Build.0 = Debug|Any CPU
		{4C613A43-FE2C-460F-BE43-0E8020676C20}.Release|Any CPU.ActiveCfg = Release|Any CPU
		{4C613A43-FE2C-460F-BE43-0E8020676C20}.Release|Any CPU.Build.0 = Release|Any CPU
		{4C613A43-FE2C-460F-BE43-0E8020676C20}.Release|x64.ActiveCfg = Release|Any CPU
		{4C613A43-FE2C-460F-BE43-0E8020676C20}.Release|x64.Build.0 = Release|Any CPU
		{4C613A43-FE2C-460F-BE43-0E8020676C20}.Release|x86.ActiveCfg = Release|Any CPU
		{4C613A43-FE2C-460F-BE43-0E8020676C20}.Release|x86.Build.0 = Release|Any CPU
		{0E82F29E-416A-4E1B-8491-761902633B15}.Debug|Any CPU.ActiveCfg = Debug|Any CPU
		{0E82F29E-416A-4E1B-8491-761902633B15}.Debug|Any CPU.Build.0 = Debug|Any CPU
		{0E82F29E-416A-4E1B-8491-761902633B15}.Debug|x64.ActiveCfg = Debug|Any CPU
		{0E82F29E-416A-4E1B-8491-761902633B15}.Debug|x64.Build.0 = Debug|Any CPU
		{0E82F29E-416A-4E1B-8491-761902633B15}.Debug|x86.ActiveCfg = Debug|Any CPU
		{0E82F29E-416A-4E1B-8491-761902633B15}.Debug|x86.Build.0 = Debug|Any CPU
		{0E82F29E-416A-4E1B-8491-761902633B15}.Release|Any CPU.ActiveCfg = Release|Any CPU
		{0E82F29E-416A-4E1B-8491-761902633B15}.Release|Any CPU.Build.0 = Release|Any CPU
		{0E82F29E-416A-4E1B-8491-761902633B15}.Release|x64.ActiveCfg = Release|Any CPU
		{0E82F29E-416A-4E1B-8491-761902633B15}.Release|x64.Build.0 = Release|Any CPU
		{0E82F29E-416A-4E1B-8491-761902633B15}.Release|x86.ActiveCfg = Release|Any CPU
		{0E82F29E-416A-4E1B-8491-761902633B15}.Release|x86.Build.0 = Release|Any CPU
		{01001B44-E93D-4C70-8AC7-97DDCF2E82A0}.Debug|Any CPU.ActiveCfg = Debug|Any CPU
		{01001B44-E93D-4C70-8AC7-97DDCF2E82A0}.Debug|Any CPU.Build.0 = Debug|Any CPU
		{01001B44-E93D-4C70-8AC7-97DDCF2E82A0}.Debug|x64.ActiveCfg = Debug|Any CPU
		{01001B44-E93D-4C70-8AC7-97DDCF2E82A0}.Debug|x64.Build.0 = Debug|Any CPU
		{01001B44-E93D-4C70-8AC7-97DDCF2E82A0}.Debug|x86.ActiveCfg = Debug|Any CPU
		{01001B44-E93D-4C70-8AC7-97DDCF2E82A0}.Debug|x86.Build.0 = Debug|Any CPU
		{01001B44-E93D-4C70-8AC7-97DDCF2E82A0}.Release|Any CPU.ActiveCfg = Release|Any CPU
		{01001B44-E93D-4C70-8AC7-97DDCF2E82A0}.Release|Any CPU.Build.0 = Release|Any CPU
		{01001B44-E93D-4C70-8AC7-97DDCF2E82A0}.Release|x64.ActiveCfg = Release|Any CPU
		{01001B44-E93D-4C70-8AC7-97DDCF2E82A0}.Release|x64.Build.0 = Release|Any CPU
		{01001B44-E93D-4C70-8AC7-97DDCF2E82A0}.Release|x86.ActiveCfg = Release|Any CPU
		{01001B44-E93D-4C70-8AC7-97DDCF2E82A0}.Release|x86.Build.0 = Release|Any CPU
		{EC3155ED-23B4-4AF3-9310-BCA05BC21E15}.Debug|Any CPU.ActiveCfg = Debug|Any CPU
		{EC3155ED-23B4-4AF3-9310-BCA05BC21E15}.Debug|Any CPU.Build.0 = Debug|Any CPU
		{EC3155ED-23B4-4AF3-9310-BCA05BC21E15}.Debug|x64.ActiveCfg = Debug|Any CPU
		{EC3155ED-23B4-4AF3-9310-BCA05BC21E15}.Debug|x64.Build.0 = Debug|Any CPU
		{EC3155ED-23B4-4AF3-9310-BCA05BC21E15}.Debug|x86.ActiveCfg = Debug|Any CPU
		{EC3155ED-23B4-4AF3-9310-BCA05BC21E15}.Debug|x86.Build.0 = Debug|Any CPU
		{EC3155ED-23B4-4AF3-9310-BCA05BC21E15}.Release|Any CPU.ActiveCfg = Release|Any CPU
		{EC3155ED-23B4-4AF3-9310-BCA05BC21E15}.Release|Any CPU.Build.0 = Release|Any CPU
		{EC3155ED-23B4-4AF3-9310-BCA05BC21E15}.Release|x64.ActiveCfg = Release|Any CPU
		{EC3155ED-23B4-4AF3-9310-BCA05BC21E15}.Release|x64.Build.0 = Release|Any CPU
		{EC3155ED-23B4-4AF3-9310-BCA05BC21E15}.Release|x86.ActiveCfg = Release|Any CPU
		{EC3155ED-23B4-4AF3-9310-BCA05BC21E15}.Release|x86.Build.0 = Release|Any CPU
		{6E1898E3-6C49-4EAE-A5F8-315E39F002C4}.Debug|Any CPU.ActiveCfg = Debug|Any CPU
		{6E1898E3-6C49-4EAE-A5F8-315E39F002C4}.Debug|Any CPU.Build.0 = Debug|Any CPU
		{6E1898E3-6C49-4EAE-A5F8-315E39F002C4}.Debug|x64.ActiveCfg = Debug|Any CPU
		{6E1898E3-6C49-4EAE-A5F8-315E39F002C4}.Debug|x64.Build.0 = Debug|Any CPU
		{6E1898E3-6C49-4EAE-A5F8-315E39F002C4}.Debug|x86.ActiveCfg = Debug|Any CPU
		{6E1898E3-6C49-4EAE-A5F8-315E39F002C4}.Debug|x86.Build.0 = Debug|Any CPU
		{6E1898E3-6C49-4EAE-A5F8-315E39F002C4}.Release|Any CPU.ActiveCfg = Release|Any CPU
		{6E1898E3-6C49-4EAE-A5F8-315E39F002C4}.Release|Any CPU.Build.0 = Release|Any CPU
		{6E1898E3-6C49-4EAE-A5F8-315E39F002C4}.Release|x64.ActiveCfg = Release|Any CPU
		{6E1898E3-6C49-4EAE-A5F8-315E39F002C4}.Release|x64.Build.0 = Release|Any CPU
		{6E1898E3-6C49-4EAE-A5F8-315E39F002C4}.Release|x86.ActiveCfg = Release|Any CPU
		{6E1898E3-6C49-4EAE-A5F8-315E39F002C4}.Release|x86.Build.0 = Release|Any CPU
	EndGlobalSection
	GlobalSection(SolutionProperties) = preSolution
		HideSolutionNode = FALSE
	EndGlobalSection
	GlobalSection(NestedProjects) = preSolution
		{E01CA6AA-7FFA-4284-B509-4ECD10CFBFC2} = {6431E5FF-901A-4F01-A440-AAD5231002C0}
		{4C613A43-FE2C-460F-BE43-0E8020676C20} = {7E26428A-25A6-4643-B71D-93A7E2360675}
		{0E82F29E-416A-4E1B-8491-761902633B15} = {6431E5FF-901A-4F01-A440-AAD5231002C0}
		{01001B44-E93D-4C70-8AC7-97DDCF2E82A0} = {6431E5FF-901A-4F01-A440-AAD5231002C0}
		{EC3155ED-23B4-4AF3-9310-BCA05BC21E15} = {6431E5FF-901A-4F01-A440-AAD5231002C0}
		{6E1898E3-6C49-4EAE-A5F8-315E39F002C4} = {6431E5FF-901A-4F01-A440-AAD5231002C0}
		{5DD5A4ED-F2A7-41E6-81F3-919D37BDECB4} = {082D4D6E-D28F-47F2-B635-34CC616A124F}
		{3A9AA901-4C1C-4E98-AA39-E73927677F3A} = {082D4D6E-D28F-47F2-B635-34CC616A124F}
	EndGlobalSection
	GlobalSection(ExtensibilityGlobals) = postSolution
		SolutionGuid = {D1BA0FF7-3E3A-4960-8FD9-69545A88BDB3}
	EndGlobalSection
EndGlobal
